
Microsoft Visual Studio Solution File, Format Version 12.00
# Visual Studio Version 17
VisualStudioVersion = 17.4.33213.308
MinimumVisualStudioVersion = 10.0.40219.1
Project("{FAE04EC0-301F-11D3-BF4B-00C04F79EFBC}") = "WebApplication_Student", "WebApplication_Student.csproj", "{2072FBE6-7659-407E-BB67-1D84DD603C84}"
EndProject
Global
	GlobalSection(SolutionConfigurationPlatforms) = preSolution
		Debug|Any CPU = Debug|Any CPU
		Release|Any CPU = Release|Any CPU
	EndGlobalSection
	GlobalSection(ProjectConfigurationPlatforms) = postSolution
		{2072FBE6-7659-407E-BB67-1D84DD603C84}.Debug|Any CPU.ActiveCfg = Debug|Any CPU
		{2072FBE6-7659-407E-BB67-1D84DD603C84}.Debug|Any CPU.Build.0 = Debug|Any CPU
		{2072FBE6-7659-407E-BB67-1D84DD603C84}.Release|Any CPU.ActiveCfg = Release|Any CPU
		{2072FBE6-7659-407E-BB67-1D84DD603C84}.Release|Any CPU.Build.0 = Release|Any CPU
	EndGlobalSection
	GlobalSection(SolutionProperties) = preSolution
		HideSolutionNode = FALSE
	EndGlobalSection
	GlobalSection(ExtensibilityGlobals) = postSolution
		SolutionGuid = {EDEA41C7-C0DA-4F4F-A79A-0A4F2DD3789B}
	EndGlobalSection
EndGlobal
